<?xml version="1.0" encoding="utf-8"?>
<Project ToolsVersion="4.0" xmlns="http://schemas.microsoft.com/developer/msbuild/2003">
  <ItemGroup>
    <Filter Include="EulerGameEngine">
      <UniqueIdentifier>{321FF0C0-9EAA-5D85-A7BB-E07913C6B985}</UniqueIdentifier>
    </Filter>
  </ItemGroup>
  <ItemGroup>
    <ClInclude Include="src\EulerGameEngine.h" />
    <ClInclude Include="src\EulerGameEngine\Application.h">
      <Filter>EulerGameEngine</Filter>
    </ClInclude>
    <ClInclude Include="src\EulerGameEngine\Core.h">
      <Filter>EulerGameEngine</Filter>
    </ClInclude>
    <ClInclude Include="src\EulerGameEngine\EntryPoint.h">
      <Filter>EulerGameEngine</Filter>
    </ClInclude>
    <ClInclude Include="src\EulerGameEngine\Log.h">
      <Filter>EulerGameEngine</Filter>
    </ClInclude>
    <ClInclude Include="src\Test.h" />
    <ClInclude Include="src\EulerGameEngine\Events\Event.h" />
    <ClInclude Include="src\EulerGameEngine\Events\ApplicationEvent.h" />
    <ClInclude Include="src\EulerGameEngine\Events\KeyEvent.h" />
    <ClInclude Include="src\EulerGameEngine\Events\MouseEvent.h" />
  </ItemGroup>
  <ItemGroup>
    <ClCompile Include="src\EulerGameEngine\Application.cpp">
      <Filter>EulerGameEngine</Filter>
    </ClCompile>
    <ClCompile Include="src\EulerGameEngine\Log.cpp">
      <Filter>EulerGameEngine</Filter>
    </ClCompile>
    <ClCompile Include="src\Test.cpp" />
  </ItemGroup>
</Project>